// !$*UTF8*$!
{
	archiveVersion = 1;
	classes = {
	};
	objectVersion = 51;
	objects = {

/* Begin PBXBuildFile section */
		0DF4C7883D76908705BD3072 /* libPods-bbnativeplayerkit-demo.a in Frameworks */ = {isa = PBXBuildFile; fileRef = A1D81934D4BEA7E8A663CA44 /* libPods-bbnativeplayerkit-demo.a */; };
		ED533D6525EE2DE9007F22A8 /* APIUIViewController.swift in Sources */ = {isa = PBXBuildFile; fileRef = ED533D5525EE2DE9007F22A8 /* APIUIViewController.swift */; };
		ED533D6625EE2DE9007F22A8 /* InOutViewViewController.swift in Sources */ = {isa = PBXBuildFile; fileRef = ED533D5725EE2DE9007F22A8 /* InOutViewViewController.swift */; };
		ED533D6725EE2DE9007F22A8 /* ListViewController.swift in Sources */ = {isa = PBXBuildFile; fileRef = ED533D5A25EE2DE9007F22A8 /* ListViewController.swift */; };
		ED533D6825EE2DE9007F22A8 /* ListUIViewController.swift in Sources */ = {isa = PBXBuildFile; fileRef = ED533D5B25EE2DE9007F22A8 /* ListUIViewController.swift */; };
		ED533D6925EE2DE9007F22A8 /* CollectionViewMediaClipModel.swift in Sources */ = {isa = PBXBuildFile; fileRef = ED533D5D25EE2DE9007F22A8 /* CollectionViewMediaClipModel.swift */; };
		ED533D6B25EE2DE9007F22A8 /* VideoCell.swift in Sources */ = {isa = PBXBuildFile; fileRef = ED533D6025EE2DE9007F22A8 /* VideoCell.swift */; };
		ED533D6D25EE2DE9007F22A8 /* OutStreamUIViewController.swift in Sources */ = {isa = PBXBuildFile; fileRef = ED533D6425EE2DE9007F22A8 /* OutStreamUIViewController.swift */; };
		ED533D7225EE2DF7007F22A8 /* ViewController.swift in Sources */ = {isa = PBXBuildFile; fileRef = ED533D6F25EE2DF7007F22A8 /* ViewController.swift */; };
		ED533D7325EE2DF7007F22A8 /* AppDelegate.swift in Sources */ = {isa = PBXBuildFile; fileRef = ED533D7025EE2DF7007F22A8 /* AppDelegate.swift */; };
		ED533D7425EE2DF7007F22A8 /* SceneDelegate.swift in Sources */ = {isa = PBXBuildFile; fileRef = ED533D7125EE2DF7007F22A8 /* SceneDelegate.swift */; };
		ED533D7725EE2E00007F22A8 /* Main.storyboard in Resources */ = {isa = PBXBuildFile; fileRef = ED533D7625EE2E00007F22A8 /* Main.storyboard */; };
		ED533D7A25EE2E11007F22A8 /* Assets.xcassets in Resources */ = {isa = PBXBuildFile; fileRef = ED533D7925EE2E11007F22A8 /* Assets.xcassets */; };
		ED533D7D25EE2E1B007F22A8 /* LaunchScreen.storyboard in Resources */ = {isa = PBXBuildFile; fileRef = ED533D7C25EE2E1B007F22A8 /* LaunchScreen.storyboard */; };
		ED7FD95326398EC70043C63C /* MenuUIViewController.swift in Sources */ = {isa = PBXBuildFile; fileRef = ED7FD95226398EC70043C63C /* MenuUIViewController.swift */; };
		ED9124C527BCF961001286F9 /* ChromeCastUIViewController.swift in Sources */ = {isa = PBXBuildFile; fileRef = ED9124C427BCF961001286F9 /* ChromeCastUIViewController.swift */; };
		ED9124C827BCF976001286F9 /* ChromeCastControlsUIViewController.swift in Sources */ = {isa = PBXBuildFile; fileRef = ED9124C727BCF976001286F9 /* ChromeCastControlsUIViewController.swift */; };
		ED9D2B862636C77900E69487 /* PrePostrollUIViewController.swift in Sources */ = {isa = PBXBuildFile; fileRef = ED9D2B852636C77900E69487 /* PrePostrollUIViewController.swift */; };
		EDD8161B263BEB4300381B4B /* WebViewUIViewController.swift in Sources */ = {isa = PBXBuildFile; fileRef = EDD8161A263BEB4300381B4B /* WebViewUIViewController.swift */; };
/* End PBXBuildFile section */

/* Begin PBXFileReference section */
		037F00D8464F9D1B5453F228 /* Pods-bbnativeplayerkit-demo.debug.xcconfig */ = {isa = PBXFileReference; includeInIndex = 1; lastKnownFileType = text.xcconfig; name = "Pods-bbnativeplayerkit-demo.debug.xcconfig"; path = "Target Support Files/Pods-bbnativeplayerkit-demo/Pods-bbnativeplayerkit-demo.debug.xcconfig"; sourceTree = "<group>"; };
		63F2AB860CD6EEBC5FBFD08B /* Pods-bbnativeplayerkit-demo.release.xcconfig */ = {isa = PBXFileReference; includeInIndex = 1; lastKnownFileType = text.xcconfig; name = "Pods-bbnativeplayerkit-demo.release.xcconfig"; path = "Target Support Files/Pods-bbnativeplayerkit-demo/Pods-bbnativeplayerkit-demo.release.xcconfig"; sourceTree = "<group>"; };
		A1D81934D4BEA7E8A663CA44 /* libPods-bbnativeplayerkit-demo.a */ = {isa = PBXFileReference; explicitFileType = archive.ar; includeInIndex = 0; path = "libPods-bbnativeplayerkit-demo.a"; sourceTree = BUILT_PRODUCTS_DIR; };
		ED533D3B25EE2D5A007F22A8 /* bbnativeplayerkit-demo.app */ = {isa = PBXFileReference; explicitFileType = wrapper.application; includeInIndex = 0; path = "bbnativeplayerkit-demo.app"; sourceTree = BUILT_PRODUCTS_DIR; };
		ED533D4C25EE2D5C007F22A8 /* Info.plist */ = {isa = PBXFileReference; lastKnownFileType = text.plist.xml; path = Info.plist; sourceTree = "<group>"; };
		ED533D5525EE2DE9007F22A8 /* APIUIViewController.swift */ = {isa = PBXFileReference; fileEncoding = 4; lastKnownFileType = sourcecode.swift; path = APIUIViewController.swift; sourceTree = "<group>"; };
		ED533D5725EE2DE9007F22A8 /* InOutViewViewController.swift */ = {isa = PBXFileReference; fileEncoding = 4; lastKnownFileType = sourcecode.swift; path = InOutViewViewController.swift; sourceTree = "<group>"; };
		ED533D5A25EE2DE9007F22A8 /* ListViewController.swift */ = {isa = PBXFileReference; fileEncoding = 4; lastKnownFileType = sourcecode.swift; path = ListViewController.swift; sourceTree = "<group>"; };
		ED533D5B25EE2DE9007F22A8 /* ListUIViewController.swift */ = {isa = PBXFileReference; fileEncoding = 4; lastKnownFileType = sourcecode.swift; path = ListUIViewController.swift; sourceTree = "<group>"; };
		ED533D5D25EE2DE9007F22A8 /* CollectionViewMediaClipModel.swift */ = {isa = PBXFileReference; fileEncoding = 4; lastKnownFileType = sourcecode.swift; path = CollectionViewMediaClipModel.swift; sourceTree = "<group>"; };
		ED533D6025EE2DE9007F22A8 /* VideoCell.swift */ = {isa = PBXFileReference; fileEncoding = 4; lastKnownFileType = sourcecode.swift; path = VideoCell.swift; sourceTree = "<group>"; };
		ED533D6425EE2DE9007F22A8 /* OutStreamUIViewController.swift */ = {isa = PBXFileReference; fileEncoding = 4; lastKnownFileType = sourcecode.swift; path = OutStreamUIViewController.swift; sourceTree = "<group>"; };
		ED533D6F25EE2DF7007F22A8 /* ViewController.swift */ = {isa = PBXFileReference; fileEncoding = 4; lastKnownFileType = sourcecode.swift; path = ViewController.swift; sourceTree = "<group>"; };
		ED533D7025EE2DF7007F22A8 /* AppDelegate.swift */ = {isa = PBXFileReference; fileEncoding = 4; lastKnownFileType = sourcecode.swift; path = AppDelegate.swift; sourceTree = "<group>"; };
		ED533D7125EE2DF7007F22A8 /* SceneDelegate.swift */ = {isa = PBXFileReference; fileEncoding = 4; lastKnownFileType = sourcecode.swift; path = SceneDelegate.swift; sourceTree = "<group>"; };
		ED533D7625EE2E00007F22A8 /* Main.storyboard */ = {isa = PBXFileReference; fileEncoding = 4; lastKnownFileType = file.storyboard; path = Main.storyboard; sourceTree = "<group>"; };
		ED533D7925EE2E11007F22A8 /* Assets.xcassets */ = {isa = PBXFileReference; lastKnownFileType = folder.assetcatalog; path = Assets.xcassets; sourceTree = "<group>"; };
		ED533D7C25EE2E1B007F22A8 /* LaunchScreen.storyboard */ = {isa = PBXFileReference; fileEncoding = 4; lastKnownFileType = file.storyboard; path = LaunchScreen.storyboard; sourceTree = "<group>"; };
		ED7FD95226398EC70043C63C /* MenuUIViewController.swift */ = {isa = PBXFileReference; fileEncoding = 4; lastKnownFileType = sourcecode.swift; path = MenuUIViewController.swift; sourceTree = "<group>"; };
		ED9124C427BCF961001286F9 /* ChromeCastUIViewController.swift */ = {isa = PBXFileReference; lastKnownFileType = sourcecode.swift; path = ChromeCastUIViewController.swift; sourceTree = "<group>"; };
		ED9124C727BCF976001286F9 /* ChromeCastControlsUIViewController.swift */ = {isa = PBXFileReference; lastKnownFileType = sourcecode.swift; path = ChromeCastControlsUIViewController.swift; sourceTree = "<group>"; };
		ED9D2B852636C77900E69487 /* PrePostrollUIViewController.swift */ = {isa = PBXFileReference; fileEncoding = 4; lastKnownFileType = sourcecode.swift; path = PrePostrollUIViewController.swift; sourceTree = "<group>"; };
		EDD8161A263BEB4300381B4B /* WebViewUIViewController.swift */ = {isa = PBXFileReference; lastKnownFileType = sourcecode.swift; path = WebViewUIViewController.swift; sourceTree = "<group>"; };
/* End PBXFileReference section */

/* Begin PBXFrameworksBuildPhase section */
		ED533D3825EE2D5A007F22A8 /* Frameworks */ = {
			isa = PBXFrameworksBuildPhase;
			buildActionMask = 2147483647;
			files = (
				0DF4C7883D76908705BD3072 /* libPods-bbnativeplayerkit-demo.a in Frameworks */,
			);
			runOnlyForDeploymentPostprocessing = 0;
		};
/* End PBXFrameworksBuildPhase section */

/* Begin PBXGroup section */
		3C83FFA92B5FF95E0FDECFD7 /* Pods */ = {
			isa = PBXGroup;
			children = (
				037F00D8464F9D1B5453F228 /* Pods-bbnativeplayerkit-demo.debug.xcconfig */,
				63F2AB860CD6EEBC5FBFD08B /* Pods-bbnativeplayerkit-demo.release.xcconfig */,
			);
			path = Pods;
			sourceTree = "<group>";
		};
		6C1DCC80CDEA1F1D7DDB2B58 /* Frameworks */ = {
			isa = PBXGroup;
			children = (
				A1D81934D4BEA7E8A663CA44 /* libPods-bbnativeplayerkit-demo.a */,
			);
			name = Frameworks;
			sourceTree = "<group>";
		};
		ED533D3225EE2D5A007F22A8 = {
			isa = PBXGroup;
			children = (
				ED533D3D25EE2D5A007F22A8 /* bbnativeplayerkit-demo */,
				ED533D3C25EE2D5A007F22A8 /* Products */,
				3C83FFA92B5FF95E0FDECFD7 /* Pods */,
				6C1DCC80CDEA1F1D7DDB2B58 /* Frameworks */,
			);
			sourceTree = "<group>";
		};
		ED533D3C25EE2D5A007F22A8 /* Products */ = {
			isa = PBXGroup;
			children = (
				ED533D3B25EE2D5A007F22A8 /* bbnativeplayerkit-demo.app */,
			);
			name = Products;
			sourceTree = "<group>";
		};
		ED533D3D25EE2D5A007F22A8 /* bbnativeplayerkit-demo */ = {
			isa = PBXGroup;
			children = (
				ED7FD95126398E9C0043C63C /* Menu */,
				ED533D5425EE2DE9007F22A8 /* API */,
				ED533D5825EE2DE9007F22A8 /* List */,
				ED533D5625EE2DE9007F22A8 /* InOutView */,
				ED533D6325EE2DE9007F22A8 /* OutStream */,
				ED9D2B842636C73E00E69487 /* Pre-Postroll */,
				EDD81619263BEB0600381B4B /* WebView */,
				ED9124C327BCF92D001286F9 /* ChromeCast */,
				ED533D7125EE2DF7007F22A8 /* SceneDelegate.swift */,
				ED533D7025EE2DF7007F22A8 /* AppDelegate.swift */,
				ED533D6F25EE2DF7007F22A8 /* ViewController.swift */,
				ED533D7625EE2E00007F22A8 /* Main.storyboard */,
				ED533D4C25EE2D5C007F22A8 /* Info.plist */,
				ED533D7C25EE2E1B007F22A8 /* LaunchScreen.storyboard */,
				ED533D7925EE2E11007F22A8 /* Assets.xcassets */,
			);
			path = "bbnativeplayerkit-demo";
			sourceTree = "<group>";
		};
		ED533D5425EE2DE9007F22A8 /* API */ = {
			isa = PBXGroup;
			children = (
				ED533D5525EE2DE9007F22A8 /* APIUIViewController.swift */,
			);
			path = API;
			sourceTree = "<group>";
		};
		ED533D5625EE2DE9007F22A8 /* InOutView */ = {
			isa = PBXGroup;
			children = (
				ED533D5725EE2DE9007F22A8 /* InOutViewViewController.swift */,
			);
			path = InOutView;
			sourceTree = "<group>";
		};
		ED533D5825EE2DE9007F22A8 /* List */ = {
			isa = PBXGroup;
			children = (
				ED533D5925EE2DE9007F22A8 /* Controller */,
				ED533D5C25EE2DE9007F22A8 /* Model */,
				ED533D5E25EE2DE9007F22A8 /* View */,
			);
			path = List;
			sourceTree = "<group>";
		};
		ED533D5925EE2DE9007F22A8 /* Controller */ = {
			isa = PBXGroup;
			children = (
				ED533D5B25EE2DE9007F22A8 /* ListUIViewController.swift */,
				ED533D5A25EE2DE9007F22A8 /* ListViewController.swift */,
			);
			path = Controller;
			sourceTree = "<group>";
		};
		ED533D5C25EE2DE9007F22A8 /* Model */ = {
			isa = PBXGroup;
			children = (
				ED533D5D25EE2DE9007F22A8 /* CollectionViewMediaClipModel.swift */,
			);
			path = Model;
			sourceTree = "<group>";
		};
		ED533D5E25EE2DE9007F22A8 /* View */ = {
			isa = PBXGroup;
			children = (
				ED533D6025EE2DE9007F22A8 /* VideoCell.swift */,
			);
			path = View;
			sourceTree = "<group>";
		};
		ED533D6325EE2DE9007F22A8 /* OutStream */ = {
			isa = PBXGroup;
			children = (
				ED533D6425EE2DE9007F22A8 /* OutStreamUIViewController.swift */,
			);
			path = OutStream;
			sourceTree = "<group>";
		};
		ED7FD95126398E9C0043C63C /* Menu */ = {
			isa = PBXGroup;
			children = (
				ED7FD95226398EC70043C63C /* MenuUIViewController.swift */,
			);
			path = Menu;
			sourceTree = "<group>";
		};
		ED9124C327BCF92D001286F9 /* ChromeCast */ = {
			isa = PBXGroup;
			children = (
				ED9124C427BCF961001286F9 /* ChromeCastUIViewController.swift */,
				ED9124C727BCF976001286F9 /* ChromeCastControlsUIViewController.swift */,
			);
			path = ChromeCast;
			sourceTree = "<group>";
		};
		ED9D2B842636C73E00E69487 /* Pre-Postroll */ = {
			isa = PBXGroup;
			children = (
				ED9D2B852636C77900E69487 /* PrePostrollUIViewController.swift */,
			);
			path = "Pre-Postroll";
			sourceTree = "<group>";
		};
		EDD81619263BEB0600381B4B /* WebView */ = {
			isa = PBXGroup;
			children = (
				EDD8161A263BEB4300381B4B /* WebViewUIViewController.swift */,
			);
			path = WebView;
			sourceTree = "<group>";
		};
/* End PBXGroup section */

/* Begin PBXNativeTarget section */
		ED533D3A25EE2D5A007F22A8 /* bbnativeplayerkit-demo */ = {
			isa = PBXNativeTarget;
			buildConfigurationList = ED533D4F25EE2D5C007F22A8 /* Build configuration list for PBXNativeTarget "bbnativeplayerkit-demo" */;
			buildPhases = (
				0DD7AE4B3B77412AF492B571 /* [CP] Check Pods Manifest.lock */,
				ED533D3725EE2D5A007F22A8 /* Sources */,
				ED533D3825EE2D5A007F22A8 /* Frameworks */,
				ED533D3925EE2D5A007F22A8 /* Resources */,
				5F2553C8E8A97A54FC14F653 /* [CP] Embed Pods Frameworks */,
				04B3966DD0F88D9FD86ADD62 /* [CP] Copy Pods Resources */,
			);
			buildRules = (
			);
			dependencies = (
			);
			name = "bbnativeplayerkit-demo";
			productName = "bbnativeplayerkit-demo";
			productReference = ED533D3B25EE2D5A007F22A8 /* bbnativeplayerkit-demo.app */;
			productType = "com.apple.product-type.application";
		};
/* End PBXNativeTarget section */

/* Begin PBXProject section */
		ED533D3325EE2D5A007F22A8 /* Project object */ = {
			isa = PBXProject;
			attributes = {
				LastSwiftUpdateCheck = 1230;
				LastUpgradeCheck = 1230;
				TargetAttributes = {
					ED533D3A25EE2D5A007F22A8 = {
						CreatedOnToolsVersion = 12.3;
					};
				};
			};
			buildConfigurationList = ED533D3625EE2D5A007F22A8 /* Build configuration list for PBXProject "bbnativeplayerkit-demo" */;
			compatibilityVersion = "Xcode 9.3";
			developmentRegion = en;
			hasScannedForEncodings = 0;
			knownRegions = (
				en,
				Base,
			);
			mainGroup = ED533D3225EE2D5A007F22A8;
			productRefGroup = ED533D3C25EE2D5A007F22A8 /* Products */;
			projectDirPath = "";
			projectRoot = "";
			targets = (
				ED533D3A25EE2D5A007F22A8 /* bbnativeplayerkit-demo */,
			);
		};
/* End PBXProject section */

/* Begin PBXResourcesBuildPhase section */
		ED533D3925EE2D5A007F22A8 /* Resources */ = {
			isa = PBXResourcesBuildPhase;
			buildActionMask = 2147483647;
			files = (
				ED533D7D25EE2E1B007F22A8 /* LaunchScreen.storyboard in Resources */,
				ED533D7A25EE2E11007F22A8 /* Assets.xcassets in Resources */,
				ED533D7725EE2E00007F22A8 /* Main.storyboard in Resources */,
			);
			runOnlyForDeploymentPostprocessing = 0;
		};
/* End PBXResourcesBuildPhase section */

/* Begin PBXShellScriptBuildPhase section */
		04B3966DD0F88D9FD86ADD62 /* [CP] Copy Pods Resources */ = {
			isa = PBXShellScriptBuildPhase;
			buildActionMask = 2147483647;
			files = (
			);
			inputFileListPaths = (
				"${PODS_ROOT}/Target Support Files/Pods-bbnativeplayerkit-demo/Pods-bbnativeplayerkit-demo-resources-${CONFIGURATION}-input-files.xcfilelist",
			);
			name = "[CP] Copy Pods Resources";
			outputFileListPaths = (
				"${PODS_ROOT}/Target Support Files/Pods-bbnativeplayerkit-demo/Pods-bbnativeplayerkit-demo-resources-${CONFIGURATION}-output-files.xcfilelist",
			);
			runOnlyForDeploymentPostprocessing = 0;
			shellPath = /bin/sh;
			shellScript = "\"${PODS_ROOT}/Target Support Files/Pods-bbnativeplayerkit-demo/Pods-bbnativeplayerkit-demo-resources.sh\"\n";
			showEnvVarsInLog = 0;
		};
		0DD7AE4B3B77412AF492B571 /* [CP] Check Pods Manifest.lock */ = {
			isa = PBXShellScriptBuildPhase;
			buildActionMask = 2147483647;
			files = (
			);
			inputFileListPaths = (
			);
			inputPaths = (
				"${PODS_PODFILE_DIR_PATH}/Podfile.lock",
				"${PODS_ROOT}/Manifest.lock",
			);
			name = "[CP] Check Pods Manifest.lock";
			outputFileListPaths = (
			);
			outputPaths = (
				"$(DERIVED_FILE_DIR)/Pods-bbnativeplayerkit-demo-checkManifestLockResult.txt",
			);
			runOnlyForDeploymentPostprocessing = 0;
			shellPath = /bin/sh;
			shellScript = "diff \"${PODS_PODFILE_DIR_PATH}/Podfile.lock\" \"${PODS_ROOT}/Manifest.lock\" > /dev/null\nif [ $? != 0 ] ; then\n    # print error to STDERR\n    echo \"error: The sandbox is not in sync with the Podfile.lock. Run 'pod install' or update your CocoaPods installation.\" >&2\n    exit 1\nfi\n# This output is used by Xcode 'outputs' to avoid re-running this script phase.\necho \"SUCCESS\" > \"${SCRIPT_OUTPUT_FILE_0}\"\n";
			showEnvVarsInLog = 0;
		};
		5F2553C8E8A97A54FC14F653 /* [CP] Embed Pods Frameworks */ = {
			isa = PBXShellScriptBuildPhase;
			buildActionMask = 2147483647;
			files = (
			);
			inputFileListPaths = (
				"${PODS_ROOT}/Target Support Files/Pods-bbnativeplayerkit-demo/Pods-bbnativeplayerkit-demo-frameworks-${CONFIGURATION}-input-files.xcfilelist",
			);
			name = "[CP] Embed Pods Frameworks";
			outputFileListPaths = (
				"${PODS_ROOT}/Target Support Files/Pods-bbnativeplayerkit-demo/Pods-bbnativeplayerkit-demo-frameworks-${CONFIGURATION}-output-files.xcfilelist",
			);
			runOnlyForDeploymentPostprocessing = 0;
			shellPath = /bin/sh;
			shellScript = "\"${PODS_ROOT}/Target Support Files/Pods-bbnativeplayerkit-demo/Pods-bbnativeplayerkit-demo-frameworks.sh\"\n";
			showEnvVarsInLog = 0;
		};
/* End PBXShellScriptBuildPhase section */

/* Begin PBXSourcesBuildPhase section */
		ED533D3725EE2D5A007F22A8 /* Sources */ = {
			isa = PBXSourcesBuildPhase;
			buildActionMask = 2147483647;
			files = (
				ED533D7325EE2DF7007F22A8 /* AppDelegate.swift in Sources */,
				ED533D7225EE2DF7007F22A8 /* ViewController.swift in Sources */,
				ED533D6825EE2DE9007F22A8 /* ListUIViewController.swift in Sources */,
				ED7FD95326398EC70043C63C /* MenuUIViewController.swift in Sources */,
				ED533D6B25EE2DE9007F22A8 /* VideoCell.swift in Sources */,
				ED533D6625EE2DE9007F22A8 /* InOutViewViewController.swift in Sources */,
				ED9124C527BCF961001286F9 /* ChromeCastUIViewController.swift in Sources */,
				ED533D6525EE2DE9007F22A8 /* APIUIViewController.swift in Sources */,
				ED533D6725EE2DE9007F22A8 /* ListViewController.swift in Sources */,
				EDD8161B263BEB4300381B4B /* WebViewUIViewController.swift in Sources */,
				ED533D6D25EE2DE9007F22A8 /* OutStreamUIViewController.swift in Sources */,
				ED533D6925EE2DE9007F22A8 /* CollectionViewMediaClipModel.swift in Sources */,
				ED533D7425EE2DF7007F22A8 /* SceneDelegate.swift in Sources */,
				ED9D2B862636C77900E69487 /* PrePostrollUIViewController.swift in Sources */,
				ED9124C827BCF976001286F9 /* ChromeCastControlsUIViewController.swift in Sources */,
			);
			runOnlyForDeploymentPostprocessing = 0;
		};
/* End PBXSourcesBuildPhase section */

/* Begin XCBuildConfiguration section */
		ED533D4D25EE2D5C007F22A8 /* Debug */ = {
			isa = XCBuildConfiguration;
			buildSettings = {
				ALWAYS_SEARCH_USER_PATHS = NO;
				CLANG_ANALYZER_NONNULL = YES;
				CLANG_ANALYZER_NUMBER_OBJECT_CONVERSION = YES_AGGRESSIVE;
				CLANG_CXX_LANGUAGE_STANDARD = "gnu++14";
				CLANG_CXX_LIBRARY = "libc++";
				CLANG_ENABLE_MODULES = YES;
				CLANG_ENABLE_OBJC_ARC = YES;
				CLANG_ENABLE_OBJC_WEAK = YES;
				CLANG_WARN_BLOCK_CAPTURE_AUTORELEASING = YES;
				CLANG_WARN_BOOL_CONVERSION = YES;
				CLANG_WARN_COMMA = YES;
				CLANG_WARN_CONSTANT_CONVERSION = YES;
				CLANG_WARN_DEPRECATED_OBJC_IMPLEMENTATIONS = YES;
				CLANG_WARN_DIRECT_OBJC_ISA_USAGE = YES_ERROR;
				CLANG_WARN_DOCUMENTATION_COMMENTS = YES;
				CLANG_WARN_EMPTY_BODY = YES;
				CLANG_WARN_ENUM_CONVERSION = YES;
				CLANG_WARN_INFINITE_RECURSION = YES;
				CLANG_WARN_INT_CONVERSION = YES;
				CLANG_WARN_NON_LITERAL_NULL_CONVERSION = YES;
				CLANG_WARN_OBJC_IMPLICIT_RETAIN_SELF = YES;
				CLANG_WARN_OBJC_LITERAL_CONVERSION = YES;
				CLANG_WARN_OBJC_ROOT_CLASS = YES_ERROR;
				CLANG_WARN_QUOTED_INCLUDE_IN_FRAMEWORK_HEADER = YES;
				CLANG_WARN_RANGE_LOOP_ANALYSIS = YES;
				CLANG_WARN_STRICT_PROTOTYPES = YES;
				CLANG_WARN_SUSPICIOUS_MOVE = YES;
				CLANG_WARN_UNGUARDED_AVAILABILITY = YES_AGGRESSIVE;
				CLANG_WARN_UNREACHABLE_CODE = YES;
				CLANG_WARN__DUPLICATE_METHOD_MATCH = YES;
				COPY_PHASE_STRIP = NO;
				DEBUG_INFORMATION_FORMAT = dwarf;
				ENABLE_STRICT_OBJC_MSGSEND = YES;
				ENABLE_TESTABILITY = YES;
				GCC_C_LANGUAGE_STANDARD = gnu11;
				GCC_DYNAMIC_NO_PIC = NO;
				GCC_NO_COMMON_BLOCKS = YES;
				GCC_OPTIMIZATION_LEVEL = 0;
				GCC_PREPROCESSOR_DEFINITIONS = (
					"DEBUG=1",
					"$(inherited)",
				);
				GCC_WARN_64_TO_32_BIT_CONVERSION = YES;
				GCC_WARN_ABOUT_RETURN_TYPE = YES_ERROR;
				GCC_WARN_UNDECLARED_SELECTOR = YES;
				GCC_WARN_UNINITIALIZED_AUTOS = YES_AGGRESSIVE;
				GCC_WARN_UNUSED_FUNCTION = YES;
				GCC_WARN_UNUSED_VARIABLE = YES;
				IPHONEOS_DEPLOYMENT_TARGET = 14.3;
				MTL_ENABLE_DEBUG_INFO = INCLUDE_SOURCE;
				MTL_FAST_MATH = YES;
				ONLY_ACTIVE_ARCH = YES;
				SDKROOT = iphoneos;
				SWIFT_ACTIVE_COMPILATION_CONDITIONS = DEBUG;
				SWIFT_OPTIMIZATION_LEVEL = "-Onone";
			};
			name = Debug;
		};
		ED533D4E25EE2D5C007F22A8 /* Release */ = {
			isa = XCBuildConfiguration;
			buildSettings = {
				ALWAYS_SEARCH_USER_PATHS = NO;
				CLANG_ANALYZER_NONNULL = YES;
				CLANG_ANALYZER_NUMBER_OBJECT_CONVERSION = YES_AGGRESSIVE;
				CLANG_CXX_LANGUAGE_STANDARD = "gnu++14";
				CLANG_CXX_LIBRARY = "libc++";
				CLANG_ENABLE_MODULES = YES;
				CLANG_ENABLE_OBJC_ARC = YES;
				CLANG_ENABLE_OBJC_WEAK = YES;
				CLANG_WARN_BLOCK_CAPTURE_AUTORELEASING = YES;
				CLANG_WARN_BOOL_CONVERSION = YES;
				CLANG_WARN_COMMA = YES;
				CLANG_WARN_CONSTANT_CONVERSION = YES;
				CLANG_WARN_DEPRECATED_OBJC_IMPLEMENTATIONS = YES;
				CLANG_WARN_DIRECT_OBJC_ISA_USAGE = YES_ERROR;
				CLANG_WARN_DOCUMENTATION_COMMENTS = YES;
				CLANG_WARN_EMPTY_BODY = YES;
				CLANG_WARN_ENUM_CONVERSION = YES;
				CLANG_WARN_INFINITE_RECURSION = YES;
				CLANG_WARN_INT_CONVERSION = YES;
				CLANG_WARN_NON_LITERAL_NULL_CONVERSION = YES;
				CLANG_WARN_OBJC_IMPLICIT_RETAIN_SELF = YES;
				CLANG_WARN_OBJC_LITERAL_CONVERSION = YES;
				CLANG_WARN_OBJC_ROOT_CLASS = YES_ERROR;
				CLANG_WARN_QUOTED_INCLUDE_IN_FRAMEWORK_HEADER = YES;
				CLANG_WARN_RANGE_LOOP_ANALYSIS = YES;
				CLANG_WARN_STRICT_PROTOTYPES = YES;
				CLANG_WARN_SUSPICIOUS_MOVE = YES;
				CLANG_WARN_UNGUARDED_AVAILABILITY = YES_AGGRESSIVE;
				CLANG_WARN_UNREACHABLE_CODE = YES;
				CLANG_WARN__DUPLICATE_METHOD_MATCH = YES;
				COPY_PHASE_STRIP = NO;
				DEBUG_INFORMATION_FORMAT = "dwarf-with-dsym";
				ENABLE_NS_ASSERTIONS = NO;
				ENABLE_STRICT_OBJC_MSGSEND = YES;
				GCC_C_LANGUAGE_STANDARD = gnu11;
				GCC_NO_COMMON_BLOCKS = YES;
				GCC_WARN_64_TO_32_BIT_CONVERSION = YES;
				GCC_WARN_ABOUT_RETURN_TYPE = YES_ERROR;
				GCC_WARN_UNDECLARED_SELECTOR = YES;
				GCC_WARN_UNINITIALIZED_AUTOS = YES_AGGRESSIVE;
				GCC_WARN_UNUSED_FUNCTION = YES;
				GCC_WARN_UNUSED_VARIABLE = YES;
				IPHONEOS_DEPLOYMENT_TARGET = 14.3;
				MTL_ENABLE_DEBUG_INFO = NO;
				MTL_FAST_MATH = YES;
				SDKROOT = iphoneos;
				SWIFT_COMPILATION_MODE = wholemodule;
				SWIFT_OPTIMIZATION_LEVEL = "-O";
				VALIDATE_PRODUCT = YES;
			};
			name = Release;
		};
		ED533D5025EE2D5C007F22A8 /* Debug */ = {
			isa = XCBuildConfiguration;
			baseConfigurationReference = 037F00D8464F9D1B5453F228 /* Pods-bbnativeplayerkit-demo.debug.xcconfig */;
			buildSettings = {
				ASSETCATALOG_COMPILER_APPICON_NAME = AppIcon;
				ASSETCATALOG_COMPILER_GLOBAL_ACCENT_COLOR_NAME = AccentColor;
				CODE_SIGN_STYLE = Automatic;
				CURRENT_PROJECT_VERSION = 1;
				DEVELOPMENT_TEAM = PFYB2YN255;
				FRAMEWORK_SEARCH_PATHS = (
					"$(inherited)",
					"$(PROJECT_DIR)",
				);
				INFOPLIST_FILE = "bbnativeplayerkit-demo/Info.plist";
				IPHONEOS_DEPLOYMENT_TARGET = 14.0;
				LD_RUNPATH_SEARCH_PATHS = (
					"$(inherited)",
					"@executable_path/Frameworks",
				);
				MARKETING_VERSION = 7.100.1;
				PRODUCT_BUNDLE_IDENTIFIER = "com.bluebillywig.bbnativeplayerkit-demo";
				PRODUCT_NAME = "$(TARGET_NAME)";
				SWIFT_VERSION = 5.0;
				TARGETED_DEVICE_FAMILY = 1;
			};
			name = Debug;
		};
		ED533D5125EE2D5C007F22A8 /* Release */ = {
			isa = XCBuildConfiguration;
			baseConfigurationReference = 63F2AB860CD6EEBC5FBFD08B /* Pods-bbnativeplayerkit-demo.release.xcconfig */;
			buildSettings = {
				ASSETCATALOG_COMPILER_APPICON_NAME = AppIcon;
				ASSETCATALOG_COMPILER_GLOBAL_ACCENT_COLOR_NAME = AccentColor;
				CODE_SIGN_STYLE = Automatic;
				CURRENT_PROJECT_VERSION = 1;
				DEVELOPMENT_TEAM = PFYB2YN255;
				FRAMEWORK_SEARCH_PATHS = (
					"$(inherited)",
					"$(PROJECT_DIR)",
				);
				INFOPLIST_FILE = "bbnativeplayerkit-demo/Info.plist";
				IPHONEOS_DEPLOYMENT_TARGET = 14.0;
				LD_RUNPATH_SEARCH_PATHS = (
					"$(inherited)",
					"@executable_path/Frameworks",
				);
				MARKETING_VERSION = 7.100.1;
				PRODUCT_BUNDLE_IDENTIFIER = "com.bluebillywig.bbnativeplayerkit-demo";
				PRODUCT_NAME = "$(TARGET_NAME)";
				SWIFT_VERSION = 5.0;
				TARGETED_DEVICE_FAMILY = 1;
			};
			name = Release;
		};
/* End XCBuildConfiguration section */

/* Begin XCConfigurationList section */
		ED533D3625EE2D5A007F22A8 /* Build configuration list for PBXProject "bbnativeplayerkit-demo" */ = {
			isa = XCConfigurationList;
			buildConfigurations = (
				ED533D4D25EE2D5C007F22A8 /* Debug */,
				ED533D4E25EE2D5C007F22A8 /* Release */,
			);
			defaultConfigurationIsVisible = 0;
			defaultConfigurationName = Release;
		};
		ED533D4F25EE2D5C007F22A8 /* Build configuration list for PBXNativeTarget "bbnativeplayerkit-demo" */ = {
			isa = XCConfigurationList;
			buildConfigurations = (
				ED533D5025EE2D5C007F22A8 /* Debug */,
				ED533D5125EE2D5C007F22A8 /* Release */,
			);
			defaultConfigurationIsVisible = 0;
			defaultConfigurationName = Release;
		};
/* End XCConfigurationList section */
	};
	rootObject = ED533D3325EE2D5A007F22A8 /* Project object */;
}
